
Microsoft Visual Studio Solution File, Format Version 12.00
# Visual Studio Version 17
VisualStudioVersion = 17.10.35027.167
MinimumVisualStudioVersion = 10.0.40219.1
Project("{FAE04EC0-301F-11D3-BF4B-00C04F79EFBC}") = "PatikaDoWhile", "PatikaDoWhile\PatikaDoWhile.csproj", "{9F55D8EF-79FA-45DE-8780-BFB1B2F8C5FB}"
EndProject
Global
	GlobalSection(SolutionConfigurationPlatforms) = preSolution
		Debug|Any CPU = Debug|Any CPU
		Release|Any CPU = Release|Any CPU
	EndGlobalSection
	GlobalSection(ProjectConfigurationPlatforms) = postSolution
		{9F55D8EF-79FA-45DE-8780-BFB1B2F8C5FB}.Debug|Any CPU.ActiveCfg = Debug|Any CPU
		{9F55D8EF-79FA-45DE-8780-BFB1B2F8C5FB}.Debug|Any CPU.Build.0 = Debug|Any CPU
		{9F55D8EF-79FA-45DE-8780-BFB1B2F8C5FB}.Release|Any CPU.ActiveCfg = Release|Any CPU
		{9F55D8EF-79FA-45DE-8780-BFB1B2F8C5FB}.Release|Any CPU.Build.0 = Release|Any CPU
	EndGlobalSection
	GlobalSection(SolutionProperties) = preSolution
		HideSolutionNode = FALSE
	EndGlobalSection
	GlobalSection(ExtensibilityGlobals) = postSolution
		SolutionGuid = {C9DCD41F-39B5-436D-BC37-359EAD10B4C0}
	EndGlobalSection
EndGlobal
